# @generated by Move, please check-in and do not edit manually.

[move]
version = 2
manifest_digest = "2D0BD6900E3154B291E854EF048FF4B2DAC72D8FFC7583F3A301E126D9B5D3AB"
deps_digest = "3C4103934B1E040BB6B23F1D610B4EF9F2F1166A50A104EADCF77467C004C600"
dependencies = [
  { name = "Sui" },
  { name = "infinite_sea_coin" },
]

[[move.package]]
name = "MoveStdlib"
source = { local = "../../../../MystenLabs/sui/crates/sui-framework/packages/move-stdlib" }

[[move.package]]
name = "Sui"
source = { local = "../../../../MystenLabs/sui/crates/sui-framework/packages/sui-framework" }

dependencies = [
  { name = "MoveStdlib" },
]

[[move.package]]
name = "infinite_sea_coin"
source = { local = "../infinite-sea-coin" }

dependencies = [
  { name = "Sui" },
]

[move.toolchain-version]
compiler-version = "1.27.1"
edition = "legacy"
flavor = "sui"
