# @generated by Move, please check-in and do not edit manually.

[move]
version = 0
manifest_digest = "1A0230CF39D336B2DFAA98E7EEC2F0B26730CF927A672A00B1C51664FC504700"
deps_digest = "060AD7E57DFB13104F21BE5F5C3759D03F0553FC3229247D9A7A6B45F50D03A3"

dependencies = [
  { name = "Sui" },
  { name = "infinite_sea_coin" },
  { name = "infinite_sea_common" },
]

[[move.package]]
name = "MoveStdlib"
source = { git = "https://github.com/MystenLabs/sui.git", rev = "devnet", subdir = "crates/sui-framework/packages/move-stdlib" }

[[move.package]]
name = "Sui"
source = { git = "https://github.com/MystenLabs/sui.git", rev = "devnet", subdir = "crates/sui-framework/packages/sui-framework" }

dependencies = [
  { name = "MoveStdlib" },
]

[[move.package]]
name = "infinite_sea_coin"
source = { local = "../infinite-sea-coin" }

dependencies = [
  { name = "Sui" },
]

[[move.package]]
name = "infinite_sea_common"
source = { local = "../infinite-sea-common" }

dependencies = [
  { name = "Sui" },
]

[move.toolchain-version]
compiler-version = "1.17.3"
edition = "legacy"
flavor = "sui"
