# @generated by Move, please check-in and do not edit manually.

[move]
version = 0
manifest_digest = "AE78519B89AC9D6DACAA8067F4AA1739310599B29E2EED1B8DCFAEEBF1B79E9E"
deps_digest = "060AD7E57DFB13104F21BE5F5C3759D03F0553FC3229247D9A7A6B45F50D03A3"

dependencies = [
  { name = "Sui" },
  { name = "infinite_sea_common" },
  { name = "infinite_sea_player" },
]

[[move.package]]
name = "MoveStdlib"
source = { git = "https://github.com/MystenLabs/sui.git", rev = "devnet", subdir = "crates/sui-framework/packages/move-stdlib" }

[[move.package]]
name = "Sui"
source = { git = "https://github.com/MystenLabs/sui.git", rev = "devnet", subdir = "crates/sui-framework/packages/sui-framework" }

dependencies = [
  { name = "MoveStdlib" },
]

[[move.package]]
name = "infinite_sea_common"
source = { local = "../infinite-sea-common" }

dependencies = [
  { name = "Sui" },
]

[[move.package]]
name = "infinite_sea_player"
source = { local = "../infinite-sea-player" }

dependencies = [
  { name = "Sui" },
]

[move.toolchain-version]
compiler-version = "1.17.3"
edition = "legacy"
flavor = "sui"
