# @generated by Move, please check-in and do not edit manually.

[move]
version = 0
manifest_digest = "8CD6AB17116C9D519F46A26740A86AB90085908D3400DA5B6323F524EA0541D6"
deps_digest = "F8BBB0CCB2491CA29A3DF03D6F92277A4F3574266507ACD77214D37ECA3F3082"

dependencies = [
  { name = "Sui" },
]

[[move.package]]
name = "MoveStdlib"
source = { git = "https://github.com/MystenLabs/sui.git", rev = "mainnet", subdir = "crates\\sui-framework\\packages\\move-stdlib" }

[[move.package]]
name = "Sui"
source = { git = "https://github.com/MystenLabs/sui.git", rev = "mainnet", subdir = "crates/sui-framework/packages/sui-framework" }

dependencies = [
  { name = "MoveStdlib" },
]

[move.toolchain-version]
compiler-version = "1.27.0"
edition = "legacy"
flavor = "sui"

[env]

[env.testnet]
chain-id = "4c78adac"
original-published-id = "0x0cbc62397c6bee0eabfe57c0e20aedf6ae290ec1f2c706001611b9f82d1ce6a4"
latest-published-id = "0x0cbc62397c6bee0eabfe57c0e20aedf6ae290ec1f2c706001611b9f82d1ce6a4"
published-version = "1"
